{
	"name": "@autodocument/write-github-markdown",
	"version": "0.0.0",
	"lockfileVersion": 1,
	"requires": true,
	"dependencies": {
		"@types/node": {
			"version": "16.0.0",
			"resolved": "https://npm.shopee.io/@types%2fnode/-/node-16.0.0.tgz",
			"integrity": "sha512-TmCW5HoZ2o2/z2EYi109jLqIaPIi9y/lc2LmDCWzuCi35bcaQ+OtUh6nwBiFK7SOu25FAU5+YKdqFZUwtqGSdg==",
			"dev": true
		},
		"ansi-styles": {
			"version": "4.3.0",
			"resolved": "https://npm.shopee.io/ansi-styles/-/ansi-styles-4.3.0.tgz",
			"integrity": "sha512-zbB9rCJAT1rbjiVDb2hqKFHNYLxgtk8NURxZ3IZwD3F6NtxbXZQCnnSi1Lkx+IDohdPlFp222wVALIheZJQSEg==",
			"requires": {
				"color-convert": "^2.0.1"
			}
		},
		"chalk": {
			"version": "4.1.1",
			"resolved": "https://npm.shopee.io/chalk/-/chalk-4.1.1.tgz",
			"integrity": "sha512-diHzdDKxcU+bAsUboHLPEDQiw0qEe0qd7SYUn3HgcFlWgbDcfLGswOHYeGrHKzG9z6UYf01d9VFMfZxPM1xZSg==",
			"requires": {
				"ansi-styles": "^4.1.0",
				"supports-color": "^7.1.0"
			}
		},
		"color-convert": {
			"version": "2.0.1",
			"resolved": "https://npm.shopee.io/color-convert/-/color-convert-2.0.1.tgz",
			"integrity": "sha512-RRECPsj7iu/xb5oKYcsFHSppFNnsj/52OVTRKb4zP5onXwVF3zVmmToNcOfGC+CRDpfK/U584fMg38ZHCaElKQ==",
			"requires": {
				"color-name": "~1.1.4"
			}
		},
		"color-name": {
			"version": "1.1.4",
			"resolved": "https://npm.shopee.io/color-name/-/color-name-1.1.4.tgz",
			"integrity": "sha512-dOy+3AuW3a2wNbZHIuMZpTcgjGuLU/uBL/ubcZF9OXbDo8ff4O8yVp5Bf0efS8uEoYo5q4Fx7dY9OgQGXgAsQA=="
		},
		"esbuild": {
			"version": "0.13.6",
			"resolved": "https://npm.shopee.io/esbuild/-/esbuild-0.13.6.tgz",
			"integrity": "sha512-zkMkYwC9ohVe6qxXykKf/4jfbtM/09CL8UEEnwuhO7Xq8NOTN2yAwCrmKKvHlGrEej6Y8e/tAmHB7wMMg7O0ew==",
			"dev": true,
			"requires": {
				"esbuild-android-arm64": "0.13.6",
				"esbuild-darwin-64": "0.13.6",
				"esbuild-darwin-arm64": "0.13.6",
				"esbuild-freebsd-64": "0.13.6",
				"esbuild-freebsd-arm64": "0.13.6",
				"esbuild-linux-32": "0.13.6",
				"esbuild-linux-64": "0.13.6",
				"esbuild-linux-arm": "0.13.6",
				"esbuild-linux-arm64": "0.13.6",
				"esbuild-linux-mips64le": "0.13.6",
				"esbuild-linux-ppc64le": "0.13.6",
				"esbuild-netbsd-64": "0.13.6",
				"esbuild-openbsd-64": "0.13.6",
				"esbuild-sunos-64": "0.13.6",
				"esbuild-windows-32": "0.13.6",
				"esbuild-windows-64": "0.13.6",
				"esbuild-windows-arm64": "0.13.6"
			}
		},
		"esbuild-android-arm64": {
			"version": "0.13.6",
			"resolved": "https://npm.shopee.io/esbuild-android-arm64/-/esbuild-android-arm64-0.13.6.tgz",
			"integrity": "sha512-uEwrMRzqNzXxzIi0K/CtHn3/SPoRso4Dd/aJCpf9KuX+kCs9Tlhz29cKbZieznYAekdo36fDUrZyuugAwSdI+A==",
			"dev": true,
			"optional": true
		},
		"esbuild-darwin-64": {
			"version": "0.13.6",
			"resolved": "https://npm.shopee.io/esbuild-darwin-64/-/esbuild-darwin-64-0.13.6.tgz",
			"integrity": "sha512-oJdWZn2QV5LTM24/vVWaUFlMVlRhpG9zZIA6Xd+xbCULOURwYnYRQWIzRpXNtTfuAr3+em9PqKUaGtYqvO/DYg==",
			"dev": true,
			"optional": true
		},
		"esbuild-darwin-arm64": {
			"version": "0.13.6",
			"resolved": "https://npm.shopee.io/esbuild-darwin-arm64/-/esbuild-darwin-arm64-0.13.6.tgz",
			"integrity": "sha512-+f8Yn5doTEpCWtBaGxciDTikxESdGCNZpLYtXzMJLTWFHr8zqfAf4TAYGvg6T5T6N7OMC8HHy3GM+BijFXDXMg==",
			"dev": true,
			"optional": true
		},
		"esbuild-freebsd-64": {
			"version": "0.13.6",
			"resolved": "https://npm.shopee.io/esbuild-freebsd-64/-/esbuild-freebsd-64-0.13.6.tgz",
			"integrity": "sha512-Yb/DgZUX0C6i4vnOymthLzoWAJBYWbn3Y2F4wKEufsx2veGN/wlwO/yz7IWGVVzb2zMUqbt30hCLF61sUFe7gA==",
			"dev": true,
			"optional": true
		},
		"esbuild-freebsd-arm64": {
			"version": "0.13.6",
			"resolved": "https://npm.shopee.io/esbuild-freebsd-arm64/-/esbuild-freebsd-arm64-0.13.6.tgz",
			"integrity": "sha512-UKYlEb7mwprSJ9VW9+q3/Mgxest45I6rGMB/hrKY1T6lqoBVhWS4BTbL4EGetWdk05Tw4njFAO9+nmxgl7jMlA==",
			"dev": true,
			"optional": true
		},
		"esbuild-linux-32": {
			"version": "0.13.6",
			"resolved": "https://npm.shopee.io/esbuild-linux-32/-/esbuild-linux-32-0.13.6.tgz",
			"integrity": "sha512-hQCZfSLBYtn8f1afFT6Dh9KeLsW12xLqrqssbhpi/xfN9c/bbCh/QQZaR9ZOEnmBHHRPb7rbSo3jQqlCWYb7LQ==",
			"dev": true,
			"optional": true
		},
		"esbuild-linux-64": {
			"version": "0.13.6",
			"resolved": "https://npm.shopee.io/esbuild-linux-64/-/esbuild-linux-64-0.13.6.tgz",
			"integrity": "sha512-bRQwsD+xJoajonfyeq5JpiNRogH4mYFYbYsGhwrtQ4pMGk93V/4KuKQiKEisRZO0hYhZL4MtxufwF195zKlCAw==",
			"dev": true,
			"optional": true
		},
		"esbuild-linux-arm": {
			"version": "0.13.6",
			"resolved": "https://npm.shopee.io/esbuild-linux-arm/-/esbuild-linux-arm-0.13.6.tgz",
			"integrity": "sha512-qQUrpL7QoPqujXEFSpeu6QZ43z0+OdDPHDkLO0GPbpV/jebP7J+0FreMqoq7ZxWG4rPigwcRdEyqzHh8Bh4Faw==",
			"dev": true,
			"optional": true
		},
		"esbuild-linux-arm64": {
			"version": "0.13.6",
			"resolved": "https://npm.shopee.io/esbuild-linux-arm64/-/esbuild-linux-arm64-0.13.6.tgz",
			"integrity": "sha512-sRc1lt9ma1xBvInCwpS77ywR6KVdcJNsErsrDkDXx3mVe8DLLEn05TG0nIX9I+s8ouHEepikdKCfe1DZdILRjQ==",
			"dev": true,
			"optional": true
		},
		"esbuild-linux-mips64le": {
			"version": "0.13.6",
			"resolved": "https://npm.shopee.io/esbuild-linux-mips64le/-/esbuild-linux-mips64le-0.13.6.tgz",
			"integrity": "sha512-1lsHZaIsHlFkHn1QRa/EONPGVHwzdIrkKn6r2m9cYUIn2J+rKtJg0e+WkNG3MaIrxozaGKaiSPGvaG1toCbZjw==",
			"dev": true,
			"optional": true
		},
		"esbuild-linux-ppc64le": {
			"version": "0.13.6",
			"resolved": "https://npm.shopee.io/esbuild-linux-ppc64le/-/esbuild-linux-ppc64le-0.13.6.tgz",
			"integrity": "sha512-x223JNC8XeLDf05zLaKfxqCEWVct4frp8ft8Qc13cha33TMrqMFaSPq6cgpgT2VYuUsXtwoocoWChKfvy+AUQg==",
			"dev": true,
			"optional": true
		},
		"esbuild-netbsd-64": {
			"version": "0.13.6",
			"resolved": "https://npm.shopee.io/esbuild-netbsd-64/-/esbuild-netbsd-64-0.13.6.tgz",
			"integrity": "sha512-TonKf530kT25+zi1Da6esITmuBJe13QiN+QGVch6YE8t720IvIelDGwkOQN3Td7A0JjbSbK3u+Fo6YaL151VxQ==",
			"dev": true,
			"optional": true
		},
		"esbuild-openbsd-64": {
			"version": "0.13.6",
			"resolved": "https://npm.shopee.io/esbuild-openbsd-64/-/esbuild-openbsd-64-0.13.6.tgz",
			"integrity": "sha512-WFa5J0IuyER0UJbCGw87gvGWXGfhxeNppYcvQjp0pWYuH4FS+YqphyjV0RJlybzzDpAXkyZ9RzkMFtSAp+6AUA==",
			"dev": true,
			"optional": true
		},
		"esbuild-sunos-64": {
			"version": "0.13.6",
			"resolved": "https://npm.shopee.io/esbuild-sunos-64/-/esbuild-sunos-64-0.13.6.tgz",
			"integrity": "sha512-duCL8Ewri+zjKxuN/61maniDxcd8fHwSuubdAPofll0y0E6WcL/R/e/mQzhHIuoguFm5RJkKun1qua54javh7g==",
			"dev": true,
			"optional": true
		},
		"esbuild-windows-32": {
			"version": "0.13.6",
			"resolved": "https://npm.shopee.io/esbuild-windows-32/-/esbuild-windows-32-0.13.6.tgz",
			"integrity": "sha512-U8RkpT4f0/dygA5ytFyHNZ/fRECU9LWBMrqWflNhM31iTi6RhU0QTuOzFYkmpYnwl358ZZhVoBeEOm313d4u4A==",
			"dev": true,
			"optional": true
		},
		"esbuild-windows-64": {
			"version": "0.13.6",
			"resolved": "https://npm.shopee.io/esbuild-windows-64/-/esbuild-windows-64-0.13.6.tgz",
			"integrity": "sha512-A23VyUeyBfSWUYNL0jtrJi5M/2yR/RR8zfpGQ0wU0fldqV2vxnvmBYOBwRxexFYCDRpRWh4cPFsoYoXRCFa8Dg==",
			"dev": true,
			"optional": true
		},
		"esbuild-windows-arm64": {
			"version": "0.13.6",
			"resolved": "https://npm.shopee.io/esbuild-windows-arm64/-/esbuild-windows-arm64-0.13.6.tgz",
			"integrity": "sha512-K/pFqK/s5C6wXYcFKO9iPY4yU3DI0/Gbl1W2+OhaPHoXu13VGBmqbCiQ5lohHGE72FFQl76naOjEayEiI+gDMQ==",
			"dev": true,
			"optional": true
		},
		"has-flag": {
			"version": "4.0.0",
			"resolved": "https://npm.shopee.io/has-flag/-/has-flag-4.0.0.tgz",
			"integrity": "sha512-EykJT/Q1KjTWctppgIAgfSO0tKVuZUjhgMr17kqTumMl6Afv3EISleU7qZUzoXDFTAHTDC4NOoG/ZxU3EvlMPQ=="
		},
		"supports-color": {
			"version": "7.2.0",
			"resolved": "https://npm.shopee.io/supports-color/-/supports-color-7.2.0.tgz",
			"integrity": "sha512-qpCAvRl9stuOHveKsn7HncJRvv501qIacKzQlO/+Lwxc9+0q2wLyv4Dfvt80/DPn2pqOBsJdDiogXGR9+OvwRw==",
			"requires": {
				"has-flag": "^4.0.0"
			}
		},
		"tsm": {
			"version": "2.1.2",
			"resolved": "https://npm.shopee.io/tsm/-/tsm-2.1.2.tgz",
			"integrity": "sha512-1jF8LNTRcPsw15ajZK2ra3RA2PSCdVGvJzF/Q1TCsu1tH2dY59HgNWxhttN2s1mfJUFoattjf9QZ410u5bgtJQ==",
			"dev": true,
			"requires": {
				"esbuild": "^0.13.4"
			}
		},
		"typescript": {
			"version": "4.4.4",
			"resolved": "https://npm.shopee.io/typescript/-/typescript-4.4.4.tgz",
			"integrity": "sha512-DqGhF5IKoBl8WNf8C1gu8q0xZSInh9j1kJJMqT3a94w1JzVaBU4EXOSMrz9yDqMT0xt3selp83fuFMQ0uzv6qA==",
			"dev": true
		}
	}
}
